
Microsoft Visual Studio Solution File, Format Version 12.00
# Visual Studio Version 17
VisualStudioVersion = 17.2.32630.192
MinimumVisualStudioVersion = 10.0.40219.1
Project("{9A19103F-16F7-4668-BE54-9A1E7A4F7556}") = "DotNetRPG", "DotNetRPG.csproj", "{2CF5F4EB-5663-4510-972E-F0F1D564D627}"
EndProject
Project("{FAE04EC0-301F-11D3-BF4B-00C04F79EFBC}") = "DotNET-rpg-6", "..\DotNET-rpg-6\DotNET-rpg-6.csproj", "{A6861C22-B453-4694-A25D-A0C6DF55E2D6}"
EndProject
Global
	GlobalSection(SolutionConfigurationPlatforms) = preSolution
		Debug|Any CPU = Debug|Any CPU
		Release|Any CPU = Release|Any CPU
	EndGlobalSection
	GlobalSection(ProjectConfigurationPlatforms) = postSolution
		{2CF5F4EB-5663-4510-972E-F0F1D564D627}.Debug|Any CPU.ActiveCfg = Debug|Any CPU
		{2CF5F4EB-5663-4510-972E-F0F1D564D627}.Debug|Any CPU.Build.0 = Debug|Any CPU
		{2CF5F4EB-5663-4510-972E-F0F1D564D627}.Release|Any CPU.ActiveCfg = Release|Any CPU
		{2CF5F4EB-5663-4510-972E-F0F1D564D627}.Release|Any CPU.Build.0 = Release|Any CPU
		{A6861C22-B453-4694-A25D-A0C6DF55E2D6}.Debug|Any CPU.ActiveCfg = Debug|Any CPU
		{A6861C22-B453-4694-A25D-A0C6DF55E2D6}.Debug|Any CPU.Build.0 = Debug|Any CPU
		{A6861C22-B453-4694-A25D-A0C6DF55E2D6}.Release|Any CPU.ActiveCfg = Release|Any CPU
		{A6861C22-B453-4694-A25D-A0C6DF55E2D6}.Release|Any CPU.Build.0 = Release|Any CPU
	EndGlobalSection
	GlobalSection(SolutionProperties) = preSolution
		HideSolutionNode = FALSE
	EndGlobalSection
	GlobalSection(ExtensibilityGlobals) = postSolution
		SolutionGuid = {33F8EB52-4C86-4B49-A0A8-E9029C99083A}
	EndGlobalSection
EndGlobal
